
Microsoft Visual Studio Solution File, Format Version 12.00
# Visual Studio Version 17
VisualStudioVersion = 17.9.34616.47
MinimumVisualStudioVersion = 10.0.40219.1
Project("{9A19103F-16F7-4668-BE54-9A1E7A4F7556}") = "QuangToys", "QuangToys\QuangToys.csproj", "{A785270B-BE2C-4505-B0AC-8B6DD230046D}"
EndProject
Project("{9A19103F-16F7-4668-BE54-9A1E7A4F7556}") = "QuangToys.OrderService", "QuangToys.OrderService\QuangToys.OrderService.csproj", "{379E6AE8-D831-4AED-9830-E56D331B31A0}"
EndProject
Project("{9A19103F-16F7-4668-BE54-9A1E7A4F7556}") = "QuangToys.CatalogService", "QuangToys.CatalogService\QuangToys.CatalogService.csproj", "{7FA2ACB0-5919-4A30-8165-3182AF378FBC}"
EndProject
Project("{9A19103F-16F7-4668-BE54-9A1E7A4F7556}") = "QuangToys.Common", "QuangToys.Common\QuangToys.Common.csproj", "{C4786FBC-D8ED-4CB5-936C-3D2FF0BA44B2}"
EndProject
Project("{2150E333-8FDC-42A3-9474-1A3956D46DE8}") = "Tests", "Tests", "{6F5102CC-2942-4D6F-8D85-807540DF550D}"
EndProject
Project("{FAE04EC0-301F-11D3-BF4B-00C04F79EFBC}") = "QuangToys.CatalogService.Test", "QuangToys.CatalogService.Test\QuangToys.CatalogService.Test.csproj", "{0E2C70F1-7D18-4DF6-B4C5-F26FE7F57A25}"
EndProject
Project("{2150E333-8FDC-42A3-9474-1A3956D46DE8}") = "Solution Items", "Solution Items", "{9AD8B6A2-2C22-4B9A-8A7E-358F3D1179AD}"
	ProjectSection(SolutionItems) = preProject
		azure-pipelines.yml = azure-pipelines.yml
	EndProjectSection
EndProject
Global
	GlobalSection(SolutionConfigurationPlatforms) = preSolution
		Debug|Any CPU = Debug|Any CPU
		Release|Any CPU = Release|Any CPU
	EndGlobalSection
	GlobalSection(ProjectConfigurationPlatforms) = postSolution
		{A785270B-BE2C-4505-B0AC-8B6DD230046D}.Debug|Any CPU.ActiveCfg = Debug|Any CPU
		{A785270B-BE2C-4505-B0AC-8B6DD230046D}.Debug|Any CPU.Build.0 = Debug|Any CPU
		{A785270B-BE2C-4505-B0AC-8B6DD230046D}.Release|Any CPU.ActiveCfg = Release|Any CPU
		{A785270B-BE2C-4505-B0AC-8B6DD230046D}.Release|Any CPU.Build.0 = Release|Any CPU
		{379E6AE8-D831-4AED-9830-E56D331B31A0}.Debug|Any CPU.ActiveCfg = Debug|Any CPU
		{379E6AE8-D831-4AED-9830-E56D331B31A0}.Debug|Any CPU.Build.0 = Debug|Any CPU
		{379E6AE8-D831-4AED-9830-E56D331B31A0}.Release|Any CPU.ActiveCfg = Release|Any CPU
		{379E6AE8-D831-4AED-9830-E56D331B31A0}.Release|Any CPU.Build.0 = Release|Any CPU
		{7FA2ACB0-5919-4A30-8165-3182AF378FBC}.Debug|Any CPU.ActiveCfg = Debug|Any CPU
		{7FA2ACB0-5919-4A30-8165-3182AF378FBC}.Debug|Any CPU.Build.0 = Debug|Any CPU
		{7FA2ACB0-5919-4A30-8165-3182AF378FBC}.Release|Any CPU.ActiveCfg = Release|Any CPU
		{7FA2ACB0-5919-4A30-8165-3182AF378FBC}.Release|Any CPU.Build.0 = Release|Any CPU
		{C4786FBC-D8ED-4CB5-936C-3D2FF0BA44B2}.Debug|Any CPU.ActiveCfg = Debug|Any CPU
		{C4786FBC-D8ED-4CB5-936C-3D2FF0BA44B2}.Debug|Any CPU.Build.0 = Debug|Any CPU
		{C4786FBC-D8ED-4CB5-936C-3D2FF0BA44B2}.Release|Any CPU.ActiveCfg = Release|Any CPU
		{C4786FBC-D8ED-4CB5-936C-3D2FF0BA44B2}.Release|Any CPU.Build.0 = Release|Any CPU
		{0E2C70F1-7D18-4DF6-B4C5-F26FE7F57A25}.Debug|Any CPU.ActiveCfg = Debug|Any CPU
		{0E2C70F1-7D18-4DF6-B4C5-F26FE7F57A25}.Debug|Any CPU.Build.0 = Debug|Any CPU
		{0E2C70F1-7D18-4DF6-B4C5-F26FE7F57A25}.Release|Any CPU.ActiveCfg = Release|Any CPU
		{0E2C70F1-7D18-4DF6-B4C5-F26FE7F57A25}.Release|Any CPU.Build.0 = Release|Any CPU
	EndGlobalSection
	GlobalSection(SolutionProperties) = preSolution
		HideSolutionNode = FALSE
	EndGlobalSection
	GlobalSection(NestedProjects) = preSolution
		{0E2C70F1-7D18-4DF6-B4C5-F26FE7F57A25} = {6F5102CC-2942-4D6F-8D85-807540DF550D}
	EndGlobalSection
	GlobalSection(ExtensibilityGlobals) = postSolution
		SolutionGuid = {E39F151F-5B8D-4588-918B-9E8360A0A7C6}
	EndGlobalSection
EndGlobal
